// !$*UTF8*$!
{
	archiveVersion = 1;
	classes = {
	};
	objectVersion = 50;
	objects = {

/* Begin PBXBuildFile section */
		CFAEE002247A7FB100B42963 /* Wage.swift in Sources */ = {isa = PBXBuildFile; fileRef = CFAEE001247A7FB100B42963 /* Wage.swift */; };
		CFDBB9492478F93D00A1939E /* AppDelegate.swift in Sources */ = {isa = PBXBuildFile; fileRef = CFDBB9482478F93D00A1939E /* AppDelegate.swift */; };
		CFDBB94B2478F93D00A1939E /* SceneDelegate.swift in Sources */ = {isa = PBXBuildFile; fileRef = CFDBB94A2478F93D00A1939E /* SceneDelegate.swift */; };
		CFDBB94D2478F93D00A1939E /* WelcomeVC.swift in Sources */ = {isa = PBXBuildFile; fileRef = CFDBB94C2478F93D00A1939E /* WelcomeVC.swift */; };
		CFDBB9502478F93D00A1939E /* Main.storyboard in Resources */ = {isa = PBXBuildFile; fileRef = CFDBB94E2478F93D00A1939E /* Main.storyboard */; };
		CFDBB9522478F94400A1939E /* Assets.xcassets in Resources */ = {isa = PBXBuildFile; fileRef = CFDBB9512478F94400A1939E /* Assets.xcassets */; };
		CFDBB9552478F94400A1939E /* LaunchScreen.storyboard in Resources */ = {isa = PBXBuildFile; fileRef = CFDBB9532478F94400A1939E /* LaunchScreen.storyboard */; };
		CFDBB9622478FA2500A1939E /* CurrencyTxtField.swift in Sources */ = {isa = PBXBuildFile; fileRef = CFDBB9612478FA2500A1939E /* CurrencyTxtField.swift */; };
/* End PBXBuildFile section */

/* Begin PBXFileReference section */
		CFAEE001247A7FB100B42963 /* Wage.swift */ = {isa = PBXFileReference; lastKnownFileType = sourcecode.swift; path = Wage.swift; sourceTree = "<group>"; };
		CFDBB9452478F93D00A1939E /* App-Profile.app */ = {isa = PBXFileReference; explicitFileType = wrapper.application; includeInIndex = 0; path = "App-Profile.app"; sourceTree = BUILT_PRODUCTS_DIR; };
		CFDBB9482478F93D00A1939E /* AppDelegate.swift */ = {isa = PBXFileReference; lastKnownFileType = sourcecode.swift; path = AppDelegate.swift; sourceTree = "<group>"; };
		CFDBB94A2478F93D00A1939E /* SceneDelegate.swift */ = {isa = PBXFileReference; lastKnownFileType = sourcecode.swift; path = SceneDelegate.swift; sourceTree = "<group>"; };
		CFDBB94C2478F93D00A1939E /* WelcomeVC.swift */ = {isa = PBXFileReference; lastKnownFileType = sourcecode.swift; path = WelcomeVC.swift; sourceTree = "<group>"; };
		CFDBB94F2478F93D00A1939E /* Base */ = {isa = PBXFileReference; lastKnownFileType = file.storyboard; name = Base; path = Base.lproj/Main.storyboard; sourceTree = "<group>"; };
		CFDBB9512478F94400A1939E /* Assets.xcassets */ = {isa = PBXFileReference; lastKnownFileType = folder.assetcatalog; path = Assets.xcassets; sourceTree = "<group>"; };
		CFDBB9542478F94400A1939E /* Base */ = {isa = PBXFileReference; lastKnownFileType = file.storyboard; name = Base; path = Base.lproj/LaunchScreen.storyboard; sourceTree = "<group>"; };
		CFDBB9562478F94400A1939E /* Info.plist */ = {isa = PBXFileReference; lastKnownFileType = text.plist.xml; path = Info.plist; sourceTree = "<group>"; };
		CFDBB9612478FA2500A1939E /* CurrencyTxtField.swift */ = {isa = PBXFileReference; lastKnownFileType = sourcecode.swift; path = CurrencyTxtField.swift; sourceTree = "<group>"; };
/* End PBXFileReference section */

/* Begin PBXFrameworksBuildPhase section */
		CFDBB9422478F93D00A1939E /* Frameworks */ = {
			isa = PBXFrameworksBuildPhase;
			buildActionMask = 2147483647;
			files = (
			);
			runOnlyForDeploymentPostprocessing = 0;
		};
/* End PBXFrameworksBuildPhase section */

/* Begin PBXGroup section */
		CFDBB93C2478F93D00A1939E = {
			isa = PBXGroup;
			children = (
				CFDBB9472478F93D00A1939E /* App-Profile */,
				CFDBB9462478F93D00A1939E /* Products */,
			);
			sourceTree = "<group>";
		};
		CFDBB9462478F93D00A1939E /* Products */ = {
			isa = PBXGroup;
			children = (
				CFDBB9452478F93D00A1939E /* App-Profile.app */,
			);
			name = Products;
			sourceTree = "<group>";
		};
		CFDBB9472478F93D00A1939E /* App-Profile */ = {
			isa = PBXGroup;
			children = (
				CFDBB95E2478F9AC00A1939E /* Controller */,
				CFDBB95D2478F9A500A1939E /* View */,
				CFDBB95C2478F99900A1939E /* Model */,
				CFDBB9482478F93D00A1939E /* AppDelegate.swift */,
				CFDBB94A2478F93D00A1939E /* SceneDelegate.swift */,
				CFDBB94E2478F93D00A1939E /* Main.storyboard */,
				CFDBB9512478F94400A1939E /* Assets.xcassets */,
				CFDBB9532478F94400A1939E /* LaunchScreen.storyboard */,
				CFDBB9562478F94400A1939E /* Info.plist */,
			);
			path = "App-Profile";
			sourceTree = "<group>";
		};
		CFDBB95C2478F99900A1939E /* Model */ = {
			isa = PBXGroup;
			children = (
				CFAEE001247A7FB100B42963 /* Wage.swift */,
			);
			path = Model;
			sourceTree = "<group>";
		};
		CFDBB95D2478F9A500A1939E /* View */ = {
			isa = PBXGroup;
			children = (
				CFDBB9612478FA2500A1939E /* CurrencyTxtField.swift */,
			);
			path = View;
			sourceTree = "<group>";
		};
		CFDBB95E2478F9AC00A1939E /* Controller */ = {
			isa = PBXGroup;
			children = (
				CFDBB94C2478F93D00A1939E /* WelcomeVC.swift */,
			);
			path = Controller;
			sourceTree = "<group>";
		};
/* End PBXGroup section */

/* Begin PBXNativeTarget section */
		CFDBB9442478F93D00A1939E /* App-Profile */ = {
			isa = PBXNativeTarget;
			buildConfigurationList = CFDBB9592478F94400A1939E /* Build configuration list for PBXNativeTarget "App-Profile" */;
			buildPhases = (
				CFDBB9412478F93D00A1939E /* Sources */,
				CFDBB9422478F93D00A1939E /* Frameworks */,
				CFDBB9432478F93D00A1939E /* Resources */,
			);
			buildRules = (
			);
			dependencies = (
			);
			name = "App-Profile";
			productName = "App-Profile";
			productReference = CFDBB9452478F93D00A1939E /* App-Profile.app */;
			productType = "com.apple.product-type.application";
		};
/* End PBXNativeTarget section */

/* Begin PBXProject section */
		CFDBB93D2478F93D00A1939E /* Project object */ = {
			isa = PBXProject;
			attributes = {
				LastSwiftUpdateCheck = 1140;
				LastUpgradeCheck = 1140;
				ORGANIZATIONNAME = "kamrujjaman Joy";
				TargetAttributes = {
					CFDBB9442478F93D00A1939E = {
						CreatedOnToolsVersion = 11.4.1;
					};
				};
			};
			buildConfigurationList = CFDBB9402478F93D00A1939E /* Build configuration list for PBXProject "App-Profile" */;
			compatibilityVersion = "Xcode 9.3";
			developmentRegion = en;
			hasScannedForEncodings = 0;
			knownRegions = (
				en,
				Base,
			);
			mainGroup = CFDBB93C2478F93D00A1939E;
			productRefGroup = CFDBB9462478F93D00A1939E /* Products */;
			projectDirPath = "";
			projectRoot = "";
			targets = (
				CFDBB9442478F93D00A1939E /* App-Profile */,
			);
		};
/* End PBXProject section */

/* Begin PBXResourcesBuildPhase section */
		CFDBB9432478F93D00A1939E /* Resources */ = {
			isa = PBXResourcesBuildPhase;
			buildActionMask = 2147483647;
			files = (
				CFDBB9552478F94400A1939E /* LaunchScreen.storyboard in Resources */,
				CFDBB9522478F94400A1939E /* Assets.xcassets in Resources */,
				CFDBB9502478F93D00A1939E /* Main.storyboard in Resources */,
			);
			runOnlyForDeploymentPostprocessing = 0;
		};
/* End PBXResourcesBuildPhase section */

/* Begin PBXSourcesBuildPhase section */
		CFDBB9412478F93D00A1939E /* Sources */ = {
			isa = PBXSourcesBuildPhase;
			buildActionMask = 2147483647;
			files = (
				CFDBB9622478FA2500A1939E /* CurrencyTxtField.swift in Sources */,
				CFDBB94D2478F93D00A1939E /* WelcomeVC.swift in Sources */,
				CFAEE002247A7FB100B42963 /* Wage.swift in Sources */,
				CFDBB9492478F93D00A1939E /* AppDelegate.swift in Sources */,
				CFDBB94B2478F93D00A1939E /* SceneDelegate.swift in Sources */,
			);
			runOnlyForDeploymentPostprocessing = 0;
		};
/* End PBXSourcesBuildPhase section */

/* Begin PBXVariantGroup section */
		CFDBB94E2478F93D00A1939E /* Main.storyboard */ = {
			isa = PBXVariantGroup;
			children = (
				CFDBB94F2478F93D00A1939E /* Base */,
			);
			name = Main.storyboard;
			sourceTree = "<group>";
		};
		CFDBB9532478F94400A1939E /* LaunchScreen.storyboard */ = {
			isa = PBXVariantGroup;
			children = (
				CFDBB9542478F94400A1939E /* Base */,
			);
			name = LaunchScreen.storyboard;
			sourceTree = "<group>";
		};
/* End PBXVariantGroup section */

/* Begin XCBuildConfiguration section */
		CFDBB9572478F94400A1939E /* Debug */ = {
			isa = XCBuildConfiguration;
			buildSettings = {
				ALWAYS_SEARCH_USER_PATHS = NO;
				CLANG_ANALYZER_NONNULL = YES;
				CLANG_ANALYZER_NUMBER_OBJECT_CONVERSION = YES_AGGRESSIVE;
				CLANG_CXX_LANGUAGE_STANDARD = "gnu++14";
				CLANG_CXX_LIBRARY = "libc++";
				CLANG_ENABLE_MODULES = YES;
				CLANG_ENABLE_OBJC_ARC = YES;
				CLANG_ENABLE_OBJC_WEAK = YES;
				CLANG_WARN_BLOCK_CAPTURE_AUTORELEASING = YES;
				CLANG_WARN_BOOL_CONVERSION = YES;
				CLANG_WARN_COMMA = YES;
				CLANG_WARN_CONSTANT_CONVERSION = YES;
				CLANG_WARN_DEPRECATED_OBJC_IMPLEMENTATIONS = YES;
				CLANG_WARN_DIRECT_OBJC_ISA_USAGE = YES_ERROR;
				CLANG_WARN_DOCUMENTATION_COMMENTS = YES;
				CLANG_WARN_EMPTY_BODY = YES;
				CLANG_WARN_ENUM_CONVERSION = YES;
				CLANG_WARN_INFINITE_RECURSION = YES;
				CLANG_WARN_INT_CONVERSION = YES;
				CLANG_WARN_NON_LITERAL_NULL_CONVERSION = YES;
				CLANG_WARN_OBJC_IMPLICIT_RETAIN_SELF = YES;
				CLANG_WARN_OBJC_LITERAL_CONVERSION = YES;
				CLANG_WARN_OBJC_ROOT_CLASS = YES_ERROR;
				CLANG_WARN_RANGE_LOOP_ANALYSIS = YES;
				CLANG_WARN_STRICT_PROTOTYPES = YES;
				CLANG_WARN_SUSPICIOUS_MOVE = YES;
				CLANG_WARN_UNGUARDED_AVAILABILITY = YES_AGGRESSIVE;
				CLANG_WARN_UNREACHABLE_CODE = YES;
				CLANG_WARN__DUPLICATE_METHOD_MATCH = YES;
				COPY_PHASE_STRIP = NO;
				DEBUG_INFORMATION_FORMAT = dwarf;
				ENABLE_STRICT_OBJC_MSGSEND = YES;
				ENABLE_TESTABILITY = YES;
				GCC_C_LANGUAGE_STANDARD = gnu11;
				GCC_DYNAMIC_NO_PIC = NO;
				GCC_NO_COMMON_BLOCKS = YES;
				GCC_OPTIMIZATION_LEVEL = 0;
				GCC_PREPROCESSOR_DEFINITIONS = (
					"DEBUG=1",
					"$(inherited)",
				);
				GCC_WARN_64_TO_32_BIT_CONVERSION = YES;
				GCC_WARN_ABOUT_RETURN_TYPE = YES_ERROR;
				GCC_WARN_UNDECLARED_SELECTOR = YES;
				GCC_WARN_UNINITIALIZED_AUTOS = YES_AGGRESSIVE;
				GCC_WARN_UNUSED_FUNCTION = YES;
				GCC_WARN_UNUSED_VARIABLE = YES;
				IPHONEOS_DEPLOYMENT_TARGET = 13.4;
				MTL_ENABLE_DEBUG_INFO = INCLUDE_SOURCE;
				MTL_FAST_MATH = YES;
				ONLY_ACTIVE_ARCH = YES;
				SDKROOT = iphoneos;
				SWIFT_ACTIVE_COMPILATION_CONDITIONS = DEBUG;
				SWIFT_OPTIMIZATION_LEVEL = "-Onone";
			};
			name = Debug;
		};
		CFDBB9582478F94400A1939E /* Release */ = {
			isa = XCBuildConfiguration;
			buildSettings = {
				ALWAYS_SEARCH_USER_PATHS = NO;
				CLANG_ANALYZER_NONNULL = YES;
				CLANG_ANALYZER_NUMBER_OBJECT_CONVERSION = YES_AGGRESSIVE;
				CLANG_CXX_LANGUAGE_STANDARD = "gnu++14";
				CLANG_CXX_LIBRARY = "libc++";
				CLANG_ENABLE_MODULES = YES;
				CLANG_ENABLE_OBJC_ARC = YES;
				CLANG_ENABLE_OBJC_WEAK = YES;
				CLANG_WARN_BLOCK_CAPTURE_AUTORELEASING = YES;
				CLANG_WARN_BOOL_CONVERSION = YES;
				CLANG_WARN_COMMA = YES;
				CLANG_WARN_CONSTANT_CONVERSION = YES;
				CLANG_WARN_DEPRECATED_OBJC_IMPLEMENTATIONS = YES;
				CLANG_WARN_DIRECT_OBJC_ISA_USAGE = YES_ERROR;
				CLANG_WARN_DOCUMENTATION_COMMENTS = YES;
				CLANG_WARN_EMPTY_BODY = YES;
				CLANG_WARN_ENUM_CONVERSION = YES;
				CLANG_WARN_INFINITE_RECURSION = YES;
				CLANG_WARN_INT_CONVERSION = YES;
				CLANG_WARN_NON_LITERAL_NULL_CONVERSION = YES;
				CLANG_WARN_OBJC_IMPLICIT_RETAIN_SELF = YES;
				CLANG_WARN_OBJC_LITERAL_CONVERSION = YES;
				CLANG_WARN_OBJC_ROOT_CLASS = YES_ERROR;
				CLANG_WARN_RANGE_LOOP_ANALYSIS = YES;
				CLANG_WARN_STRICT_PROTOTYPES = YES;
				CLANG_WARN_SUSPICIOUS_MOVE = YES;
				CLANG_WARN_UNGUARDED_AVAILABILITY = YES_AGGRESSIVE;
				CLANG_WARN_UNREACHABLE_CODE = YES;
				CLANG_WARN__DUPLICATE_METHOD_MATCH = YES;
				COPY_PHASE_STRIP = NO;
				DEBUG_INFORMATION_FORMAT = "dwarf-with-dsym";
				ENABLE_NS_ASSERTIONS = NO;
				ENABLE_STRICT_OBJC_MSGSEND = YES;
				GCC_C_LANGUAGE_STANDARD = gnu11;
				GCC_NO_COMMON_BLOCKS = YES;
				GCC_WARN_64_TO_32_BIT_CONVERSION = YES;
				GCC_WARN_ABOUT_RETURN_TYPE = YES_ERROR;
				GCC_WARN_UNDECLARED_SELECTOR = YES;
				GCC_WARN_UNINITIALIZED_AUTOS = YES_AGGRESSIVE;
				GCC_WARN_UNUSED_FUNCTION = YES;
				GCC_WARN_UNUSED_VARIABLE = YES;
				IPHONEOS_DEPLOYMENT_TARGET = 13.4;
				MTL_ENABLE_DEBUG_INFO = NO;
				MTL_FAST_MATH = YES;
				SDKROOT = iphoneos;
				SWIFT_COMPILATION_MODE = wholemodule;
				SWIFT_OPTIMIZATION_LEVEL = "-O";
				VALIDATE_PRODUCT = YES;
			};
			name = Release;
		};
		CFDBB95A2478F94400A1939E /* Debug */ = {
			isa = XCBuildConfiguration;
			buildSettings = {
				ASSETCATALOG_COMPILER_APPICON_NAME = AppIcon;
				CODE_SIGN_STYLE = Automatic;
				DEVELOPMENT_TEAM = RMXX9974TH;
				INFOPLIST_FILE = "App-Profile/Info.plist";
				LD_RUNPATH_SEARCH_PATHS = (
					"$(inherited)",
					"@executable_path/Frameworks",
				);
				PRODUCT_BUNDLE_IDENTIFIER = "com.kamrujjaman.App-Profile";
				PRODUCT_NAME = "$(TARGET_NAME)";
				SWIFT_VERSION = 5.0;
				TARGETED_DEVICE_FAMILY = "1,2";
			};
			name = Debug;
		};
		CFDBB95B2478F94400A1939E /* Release */ = {
			isa = XCBuildConfiguration;
			buildSettings = {
				ASSETCATALOG_COMPILER_APPICON_NAME = AppIcon;
				CODE_SIGN_STYLE = Automatic;
				DEVELOPMENT_TEAM = RMXX9974TH;
				INFOPLIST_FILE = "App-Profile/Info.plist";
				LD_RUNPATH_SEARCH_PATHS = (
					"$(inherited)",
					"@executable_path/Frameworks",
				);
				PRODUCT_BUNDLE_IDENTIFIER = "com.kamrujjaman.App-Profile";
				PRODUCT_NAME = "$(TARGET_NAME)";
				SWIFT_VERSION = 5.0;
				TARGETED_DEVICE_FAMILY = "1,2";
			};
			name = Release;
		};
/* End XCBuildConfiguration section */

/* Begin XCConfigurationList section */
		CFDBB9402478F93D00A1939E /* Build configuration list for PBXProject "App-Profile" */ = {
			isa = XCConfigurationList;
			buildConfigurations = (
				CFDBB9572478F94400A1939E /* Debug */,
				CFDBB9582478F94400A1939E /* Release */,
			);
			defaultConfigurationIsVisible = 0;
			defaultConfigurationName = Release;
		};
		CFDBB9592478F94400A1939E /* Build configuration list for PBXNativeTarget "App-Profile" */ = {
			isa = XCConfigurationList;
			buildConfigurations = (
				CFDBB95A2478F94400A1939E /* Debug */,
				CFDBB95B2478F94400A1939E /* Release */,
			);
			defaultConfigurationIsVisible = 0;
			defaultConfigurationName = Release;
		};
/* End XCConfigurationList section */
	};
	rootObject = CFDBB93D2478F93D00A1939E /* Project object */;
}
